
Microsoft Visual Studio Solution File, Format Version 12.00
# Visual Studio Version 16
VisualStudioVersion = 16.0.30621.155
MinimumVisualStudioVersion = 10.0.40219.1
Project("{FAE04EC0-301F-11D3-BF4B-00C04F79EFBC}") = "webappiProject", "webappiProject\webappiProject.csproj", "{74EB5A87-58BF-41FF-B882-2D875E6EFAD8}"
EndProject
Global
	GlobalSection(SolutionConfigurationPlatforms) = preSolution
		Debug|Any CPU = Debug|Any CPU
		Release|Any CPU = Release|Any CPU
	EndGlobalSection
	GlobalSection(ProjectConfigurationPlatforms) = postSolution
		{74EB5A87-58BF-41FF-B882-2D875E6EFAD8}.Debug|Any CPU.ActiveCfg = Debug|Any CPU
		{74EB5A87-58BF-41FF-B882-2D875E6EFAD8}.Debug|Any CPU.Build.0 = Debug|Any CPU
		{74EB5A87-58BF-41FF-B882-2D875E6EFAD8}.Release|Any CPU.ActiveCfg = Release|Any CPU
		{74EB5A87-58BF-41FF-B882-2D875E6EFAD8}.Release|Any CPU.Build.0 = Release|Any CPU
	EndGlobalSection
	GlobalSection(SolutionProperties) = preSolution
		HideSolutionNode = FALSE
	EndGlobalSection
	GlobalSection(ExtensibilityGlobals) = postSolution
		SolutionGuid = {4EA742F8-ADCE-4C78-BBBA-ED1E8EF6D818}
	EndGlobalSection
EndGlobal
